
Microsoft Visual Studio Solution File, Format Version 12.00
# Visual Studio Version 17
VisualStudioVersion = 17.3.32825.248
MinimumVisualStudioVersion = 10.0.40219.1
Project("{FAE04EC0-301F-11D3-BF4B-00C04F79EFBC}") = "Cros3", "Cros3\Cros3.csproj", "{2F6A64B7-6680-47E6-A9B6-06FD7FF4935A}"
EndProject
Global
	GlobalSection(SolutionConfigurationPlatforms) = preSolution
		Debug|Any CPU = Debug|Any CPU
		Release|Any CPU = Release|Any CPU
	EndGlobalSection
	GlobalSection(ProjectConfigurationPlatforms) = postSolution
		{2F6A64B7-6680-47E6-A9B6-06FD7FF4935A}.Debug|Any CPU.ActiveCfg = Debug|Any CPU
		{2F6A64B7-6680-47E6-A9B6-06FD7FF4935A}.Debug|Any CPU.Build.0 = Debug|Any CPU
		{2F6A64B7-6680-47E6-A9B6-06FD7FF4935A}.Release|Any CPU.ActiveCfg = Release|Any CPU
		{2F6A64B7-6680-47E6-A9B6-06FD7FF4935A}.Release|Any CPU.Build.0 = Release|Any CPU
	EndGlobalSection
	GlobalSection(SolutionProperties) = preSolution
		HideSolutionNode = FALSE
	EndGlobalSection
	GlobalSection(ExtensibilityGlobals) = postSolution
		SolutionGuid = {5F812401-5E46-419A-9B9D-2DC21A510582}
	EndGlobalSection
EndGlobal
